{
    "_readme": [
        "This file locks the dependencies of your project to a known state",
        "Read more about it at https://getcomposer.org/doc/01-basic-usage.md#installing-dependencies",
        "This file is @generated automatically"
    ],
    "content-hash": "4b4a6713cf1de9d383432f89e61f87f4",
    "packages": [
        {
            "name": "kartik-v/bootstrap-star-rating",
            "version": "dev-master",
            "source": {
                "type": "git",
                "url": "https://github.com/kartik-v/bootstrap-star-rating.git",
                "reference": "6f8575fe14ca186ff80aa776c4e234fd5b26af83"
            },
            "dist": {
                "type": "zip",
                "url": "https://api.github.com/repos/kartik-v/bootstrap-star-rating/zipball/6f8575fe14ca186ff80aa776c4e234fd5b26af83",
                "reference": "6f8575fe14ca186ff80aa776c4e234fd5b26af83",
                "shasum": ""
            },
            "default-branch": true,
            "type": "library",
            "extra": {
                "branch-alias": {
                    "dev-master": "4.1.x-dev"
                }
            },
            "notification-url": "https://packagist.org/downloads/",
            "license": [
                "BSD-3-Clause"
            ],
            "authors": [
                {
                    "name": "Kartik Visweswaran",
                    "email": "kartikv2@gmail.com",
                    "homepage": "http://www.krajee.com/"
                }
            ],
            "description": "A simple yet powerful JQuery star rating plugin for Bootstrap.",
            "homepage": "https://github.com/kartik-v/bootstrap-star-rating",
            "keywords": [
                "Rating",
                "awesome",
                "bootstrap",
                "font",
                "glyphicon",
                "star",
                "svg"
            ],
            "support": {
                "issues": "https://github.com/kartik-v/bootstrap-star-rating/issues",
                "source": "https://github.com/kartik-v/bootstrap-star-rating/tree/master"
            },
            "funding": [
                {
                    "url": "https://opencollective.com/bootstrap-star-rating",
                    "type": "open_collective"
                }
            ],
            "time": "2023-03-22T15:47:40+00:00"
        }
    ],
    "packages-dev": [],
    "aliases": [],
    "minimum-stability": "stable",
    "stability-flags": {
        "kartik-v/bootstrap-star-rating": 20
    },
    "prefer-stable": false,
    "prefer-lowest": false,
    "platform": [],
    "platform-dev": [],
    "plugin-api-version": "2.3.0"
}
